hash: ee84adb91d3fcab2c9d58944ed968b2c8e918d30fb2175a5c1d71e808da60d93
updated: 2016-03-01T14:49:53.120359622-05:00
imports:
- name: github.com/garyburd/redigo
  version: 55d64223b60ff7c6a7f1c391f611038a88a86b01
  subpackages:
  - /redis
- name: github.com/namsral/flag
  version: 881a43080604bcf99ab1118a814d1cb2c268fc36
- name: github.com/OIT-ADS-Web/basicemail
  version: 18e4c8aa1339027b214b352432902185581961df
- name: gopkg.in/natefinch/lumberjack.v2
  version: 514cbda263a734ae8caac038dadf05f8f3f9f738
devImports: []
