hash: 298865a36ebc7785789efe71fa7560c9c2bcdd1722453c1704e87f3cd2ec00c8
updated: 2016-09-16T13:57:47.885830263-04:00
imports:
- name: github.com/garyburd/redigo
  version: ffa8d46ada782d81cfda81a0fbd9f45ceae448e8
  subpackages:
  - redis
  - internal
- name: github.com/namsral/flag
  version: e6432831f90663e9fb69ca75eca1c86f8f37f729
- name: github.com/OIT-ADS-Web/basicemail
  version: 18e4c8aa1339027b214b352432902185581961df
- name: gopkg.in/natefinch/lumberjack.v2
  version: 514cbda263a734ae8caac038dadf05f8f3f9f738
devImports: []
